
Microsoft Visual Studio Solution File, Format Version 11.00
# Visual Studio 2010
Project("{FAE04EC0-301F-11D3-BF4B-00C04F79EFBC}") = "ALCHIMED", "ALCHIMED\ALCHIMED.csproj", "{AE0B7E44-C4F3-4FF6-A1D1-8B4A99B2FE8D}"
EndProject
Global
	GlobalSection(SolutionConfigurationPlatforms) = preSolution
		Debug|x86 = Debug|x86
		Release|x86 = Release|x86
	EndGlobalSection
	GlobalSection(ProjectConfigurationPlatforms) = postSolution
		{AE0B7E44-C4F3-4FF6-A1D1-8B4A99B2FE8D}.Debug|x86.ActiveCfg = Debug|x86
		{AE0B7E44-C4F3-4FF6-A1D1-8B4A99B2FE8D}.Debug|x86.Build.0 = Debug|x86
		{AE0B7E44-C4F3-4FF6-A1D1-8B4A99B2FE8D}.Release|x86.ActiveCfg = Release|x86
		{AE0B7E44-C4F3-4FF6-A1D1-8B4A99B2FE8D}.Release|x86.Build.0 = Release|x86
	EndGlobalSection
	GlobalSection(SolutionProperties) = preSolution
		HideSolutionNode = FALSE
	EndGlobalSection
EndGlobal
